
Microsoft Visual Studio Solution File, Format Version 12.00
# Visual Studio Version 17
VisualStudioVersion = 17.1.32407.343
MinimumVisualStudioVersion = 10.0.40219.1
Project("{FAE04EC0-301F-11D3-BF4B-00C04F79EFBC}") = "dolbolesya-LITO-course", "dolbolesya-LITO-course\dolbolesya-LITO-course.csproj", "{8F97776B-B718-44A7-85CC-E367DAB885F7}"
EndProject
Global
	GlobalSection(SolutionConfigurationPlatforms) = preSolution
		Debug|Any CPU = Debug|Any CPU
		Release|Any CPU = Release|Any CPU
	EndGlobalSection
	GlobalSection(ProjectConfigurationPlatforms) = postSolution
		{8F97776B-B718-44A7-85CC-E367DAB885F7}.Debug|Any CPU.ActiveCfg = Debug|Any CPU
		{8F97776B-B718-44A7-85CC-E367DAB885F7}.Debug|Any CPU.Build.0 = Debug|Any CPU
		{8F97776B-B718-44A7-85CC-E367DAB885F7}.Release|Any CPU.ActiveCfg = Release|Any CPU
		{8F97776B-B718-44A7-85CC-E367DAB885F7}.Release|Any CPU.Build.0 = Release|Any CPU
	EndGlobalSection
	GlobalSection(SolutionProperties) = preSolution
		HideSolutionNode = FALSE
	EndGlobalSection
	GlobalSection(ExtensibilityGlobals) = postSolution
		SolutionGuid = {7489249A-F321-400F-9BC9-B50613324954}
	EndGlobalSection
EndGlobal
